{
  "object": {
    "pins": [
      {
        "package": "NavBarAppearance",
        "repositoryURL": "git@github.com:guilhermedfs/NavBarAppearance.git",
        "state": {
          "branch": "main",
          "revision": "82202d74f13c1d0c4e97833676057893c4d49bf8",
          "version": null
        }
      }
    ]
  },
  "version": 1
}
